
Microsoft Visual Studio Solution File, Format Version 12.00
# Visual Studio Version 17
VisualStudioVersion = 17.14.36408.4
MinimumVisualStudioVersion = 10.0.40219.1
Project("{FAE04EC0-301F-11D3-BF4B-00C04F79EFBC}") = "EM.Web", "EM.Web\EM.Web.csproj", "{7B5DE863-CDBB-4634-BF9B-6E07DEC3AD1C}"
EndProject
Project("{FAE04EC0-301F-11D3-BF4B-00C04F79EFBC}") = "EM.Domain", "EM.Domain\EM.Domain.csproj", "{41AC4543-F40D-4B10-84AE-0A84A0419663}"
EndProject
Project("{FAE04EC0-301F-11D3-BF4B-00C04F79EFBC}") = "EM.Repository", "EM.Repository\EM.Repository.csproj", "{AF1ED182-63E5-48CF-AA73-94257E51E988}"
EndProject
Global
	GlobalSection(SolutionConfigurationPlatforms) = preSolution
		Debug|Any CPU = Debug|Any CPU
		Release|Any CPU = Release|Any CPU
	EndGlobalSection
	GlobalSection(ProjectConfigurationPlatforms) = postSolution
		{7B5DE863-CDBB-4634-BF9B-6E07DEC3AD1C}.Debug|Any CPU.ActiveCfg = Debug|Any CPU
		{7B5DE863-CDBB-4634-BF9B-6E07DEC3AD1C}.Debug|Any CPU.Build.0 = Debug|Any CPU
		{7B5DE863-CDBB-4634-BF9B-6E07DEC3AD1C}.Release|Any CPU.ActiveCfg = Release|Any CPU
		{7B5DE863-CDBB-4634-BF9B-6E07DEC3AD1C}.Release|Any CPU.Build.0 = Release|Any CPU
		{41AC4543-F40D-4B10-84AE-0A84A0419663}.Debug|Any CPU.ActiveCfg = Debug|Any CPU
		{41AC4543-F40D-4B10-84AE-0A84A0419663}.Debug|Any CPU.Build.0 = Debug|Any CPU
		{41AC4543-F40D-4B10-84AE-0A84A0419663}.Release|Any CPU.ActiveCfg = Release|Any CPU
		{41AC4543-F40D-4B10-84AE-0A84A0419663}.Release|Any CPU.Build.0 = Release|Any CPU
		{AF1ED182-63E5-48CF-AA73-94257E51E988}.Debug|Any CPU.ActiveCfg = Debug|Any CPU
		{AF1ED182-63E5-48CF-AA73-94257E51E988}.Debug|Any CPU.Build.0 = Debug|Any CPU
		{AF1ED182-63E5-48CF-AA73-94257E51E988}.Release|Any CPU.ActiveCfg = Release|Any CPU
		{AF1ED182-63E5-48CF-AA73-94257E51E988}.Release|Any CPU.Build.0 = Release|Any CPU
	EndGlobalSection
	GlobalSection(SolutionProperties) = preSolution
		HideSolutionNode = FALSE
	EndGlobalSection
	GlobalSection(ExtensibilityGlobals) = postSolution
		SolutionGuid = {D2AC35A7-AB1C-43EA-A3BB-891E9F4A6DB4}
	EndGlobalSection
EndGlobal
